
Microsoft Visual Studio Solution File, Format Version 12.00
# Visual Studio Version 17
VisualStudioVersion = 17.0.32014.148
MinimumVisualStudioVersion = 10.0.40219.1
Project("{FAE04EC0-301F-11D3-BF4B-00C04F79EFBC}") = "TicTacToeGame", "TicTacToeGame.csproj", "{781D3AE0-6C42-4B29-BC12-0824901F5BB5}"
EndProject
Global
	GlobalSection(SolutionConfigurationPlatforms) = preSolution
		Debug|Any CPU = Debug|Any CPU
		Release|Any CPU = Release|Any CPU
	EndGlobalSection
	GlobalSection(ProjectConfigurationPlatforms) = postSolution
		{781D3AE0-6C42-4B29-BC12-0824901F5BB5}.Debug|Any CPU.ActiveCfg = Debug|Any CPU
		{781D3AE0-6C42-4B29-BC12-0824901F5BB5}.Debug|Any CPU.Build.0 = Debug|Any CPU
		{781D3AE0-6C42-4B29-BC12-0824901F5BB5}.Release|Any CPU.ActiveCfg = Release|Any CPU
		{781D3AE0-6C42-4B29-BC12-0824901F5BB5}.Release|Any CPU.Build.0 = Release|Any CPU
	EndGlobalSection
	GlobalSection(SolutionProperties) = preSolution
		HideSolutionNode = FALSE
	EndGlobalSection
	GlobalSection(ExtensibilityGlobals) = postSolution
		SolutionGuid = {B0435FC2-FD18-4215-B8E4-685EF424B94A}
	EndGlobalSection
EndGlobal
